
Microsoft Visual Studio Solution File, Format Version 12.00
# Visual Studio Version 17
VisualStudioVersion = 17.8.34330.188
MinimumVisualStudioVersion = 10.0.40219.1
Project("{9A19103F-16F7-4668-BE54-9A1E7A4F7556}") = "Student-Marks", "Student_Mng_Marks\Student-Marks.csproj", "{F548008B-98A9-4B16-8850-2BC7B4D35A69}"
EndProject
Global
	GlobalSection(SolutionConfigurationPlatforms) = preSolution
		Debug|Any CPU = Debug|Any CPU
		Release|Any CPU = Release|Any CPU
	EndGlobalSection
	GlobalSection(ProjectConfigurationPlatforms) = postSolution
		{F548008B-98A9-4B16-8850-2BC7B4D35A69}.Debug|Any CPU.ActiveCfg = Debug|Any CPU
		{F548008B-98A9-4B16-8850-2BC7B4D35A69}.Debug|Any CPU.Build.0 = Debug|Any CPU
		{F548008B-98A9-4B16-8850-2BC7B4D35A69}.Release|Any CPU.ActiveCfg = Release|Any CPU
		{F548008B-98A9-4B16-8850-2BC7B4D35A69}.Release|Any CPU.Build.0 = Release|Any CPU
	EndGlobalSection
	GlobalSection(SolutionProperties) = preSolution
		HideSolutionNode = FALSE
	EndGlobalSection
	GlobalSection(ExtensibilityGlobals) = postSolution
		SolutionGuid = {59B7490D-8C51-4B74-830D-8BC92D507196}
	EndGlobalSection
EndGlobal
